// !$*UTF8*$!
{
	archiveVersion = 1;
	classes = {
	};
	objectVersion = 46;
	objects = {

/* Begin PBXBuildFile section */
		7DF50943BBED58AB4AA8ADE0 /* Pods_ModRank.framework in Frameworks */ = {isa = PBXBuildFile; fileRef = E9C584BE9202FE8AE2A5D6D9 /* Pods_ModRank.framework */; };
		8CBFFDBEC7F9AED787C8AD5B /* Pods_ModRankTests.framework in Frameworks */ = {isa = PBXBuildFile; fileRef = 4C057175081978737B9A9345 /* Pods_ModRankTests.framework */; };
		980F152B6B0314753F717310 /* Pods_ModRankUITests.framework in Frameworks */ = {isa = PBXBuildFile; fileRef = 640A769AC9B2CA587525A175 /* Pods_ModRankUITests.framework */; };
		DB10CED11D42B0EB002C9663 /* AppDelegate.swift in Sources */ = {isa = PBXBuildFile; fileRef = DB10CED01D42B0EB002C9663 /* AppDelegate.swift */; };
		DB10CED31D42B0EB002C9663 /* ViewController.swift in Sources */ = {isa = PBXBuildFile; fileRef = DB10CED21D42B0EB002C9663 /* ViewController.swift */; };
		DB10CED81D42B0EB002C9663 /* Assets.xcassets in Resources */ = {isa = PBXBuildFile; fileRef = DB10CED71D42B0EB002C9663 /* Assets.xcassets */; };
		DB10CEDB1D42B0EB002C9663 /* LaunchScreen.storyboard in Resources */ = {isa = PBXBuildFile; fileRef = DB10CED91D42B0EB002C9663 /* LaunchScreen.storyboard */; };
		DB10CEE61D42B0EB002C9663 /* ModRankTests.swift in Sources */ = {isa = PBXBuildFile; fileRef = DB10CEE51D42B0EB002C9663 /* ModRankTests.swift */; };
		DB10CEF11D42B0EB002C9663 /* ModRankUITests.swift in Sources */ = {isa = PBXBuildFile; fileRef = DB10CEF01D42B0EB002C9663 /* ModRankUITests.swift */; };
		DB6A27B01D42B38D008572EE /* Matchmaker.swift in Sources */ = {isa = PBXBuildFile; fileRef = DB6A27AF1D42B38D008572EE /* Matchmaker.swift */; };
		DB6A27B21D468F19008572EE /* EloRating.swift in Sources */ = {isa = PBXBuildFile; fileRef = DB6A27B11D468F19008572EE /* EloRating.swift */; };
		DB6A27B81D468F46008572EE /* Chameleon.framework in Frameworks */ = {isa = PBXBuildFile; fileRef = DB6A27B31D468F46008572EE /* Chameleon.framework */; };
		DB6A27B91D468F46008572EE /* Reachability.framework in Frameworks */ = {isa = PBXBuildFile; fileRef = DB6A27B41D468F46008572EE /* Reachability.framework */; };
		DB6A27BA1D468F46008572EE /* ReactiveCocoa.framework in Frameworks */ = {isa = PBXBuildFile; fileRef = DB6A27B51D468F46008572EE /* ReactiveCocoa.framework */; };
		DB6A27BB1D468F46008572EE /* Result.framework in Frameworks */ = {isa = PBXBuildFile; fileRef = DB6A27B61D468F46008572EE /* Result.framework */; };
		DB6A27BC1D468F46008572EE /* XCGLogger.framework in Frameworks */ = {isa = PBXBuildFile; fileRef = DB6A27B71D468F46008572EE /* XCGLogger.framework */; };
		DB6A27C01D475309008572EE /* Round.swift in Sources */ = {isa = PBXBuildFile; fileRef = DB6A27BF1D475309008572EE /* Round.swift */; };
		DB6A27C21D475656008572EE /* Module.swift in Sources */ = {isa = PBXBuildFile; fileRef = DB6A27C11D475656008572EE /* Module.swift */; };
		DB6A27C41D47B81D008572EE /* RoundViewController.swift in Sources */ = {isa = PBXBuildFile; fileRef = DB6A27C31D47B81D008572EE /* RoundViewController.swift */; };
		DB6A27C61D47C2BF008572EE /* Signal+Extensions.swift in Sources */ = {isa = PBXBuildFile; fileRef = DB6A27C51D47C2BF008572EE /* Signal+Extensions.swift */; };
		DBA9D3A81D52531D00008CC8 /* GoogleService-Info.plist in Resources */ = {isa = PBXBuildFile; fileRef = DBA9D3A71D52531D00008CC8 /* GoogleService-Info.plist */; };
		DBA9D3A91D52531D00008CC8 /* GoogleService-Info.plist in Resources */ = {isa = PBXBuildFile; fileRef = DBA9D3A71D52531D00008CC8 /* GoogleService-Info.plist */; };
		DBC9391D1D5B965B005BB691 /* Settings.swift in Sources */ = {isa = PBXBuildFile; fileRef = DBC9391C1D5B965B005BB691 /* Settings.swift */; };
/* End PBXBuildFile section */

/* Begin PBXContainerItemProxy section */
		DB10CEE21D42B0EB002C9663 /* PBXContainerItemProxy */ = {
			isa = PBXContainerItemProxy;
			containerPortal = DB10CEC51D42B0EB002C9663 /* Project object */;
			proxyType = 1;
			remoteGlobalIDString = DB10CECC1D42B0EB002C9663;
			remoteInfo = ModRank;
		};
		DB10CEED1D42B0EB002C9663 /* PBXContainerItemProxy */ = {
			isa = PBXContainerItemProxy;
			containerPortal = DB10CEC51D42B0EB002C9663 /* Project object */;
			proxyType = 1;
			remoteGlobalIDString = DB10CECC1D42B0EB002C9663;
			remoteInfo = ModRank;
		};
/* End PBXContainerItemProxy section */

/* Begin PBXFileReference section */
		38AFA0BA979C87F3B1C1A815 /* Pods-ModRank.release.xcconfig */ = {isa = PBXFileReference; includeInIndex = 1; lastKnownFileType = text.xcconfig; name = "Pods-ModRank.release.xcconfig"; path = "Pods/Target Support Files/Pods-ModRank/Pods-ModRank.release.xcconfig"; sourceTree = "<group>"; };
		440F315FF6B4B566715302C1 /* Pods-ModRank.debug.xcconfig */ = {isa = PBXFileReference; includeInIndex = 1; lastKnownFileType = text.xcconfig; name = "Pods-ModRank.debug.xcconfig"; path = "Pods/Target Support Files/Pods-ModRank/Pods-ModRank.debug.xcconfig"; sourceTree = "<group>"; };
		49830A34C9A87D24A574710E /* Pods-ModRankTests.release.xcconfig */ = {isa = PBXFileReference; includeInIndex = 1; lastKnownFileType = text.xcconfig; name = "Pods-ModRankTests.release.xcconfig"; path = "Pods/Target Support Files/Pods-ModRankTests/Pods-ModRankTests.release.xcconfig"; sourceTree = "<group>"; };
		4C057175081978737B9A9345 /* Pods_ModRankTests.framework */ = {isa = PBXFileReference; explicitFileType = wrapper.framework; includeInIndex = 0; path = Pods_ModRankTests.framework; sourceTree = BUILT_PRODUCTS_DIR; };
		640A769AC9B2CA587525A175 /* Pods_ModRankUITests.framework */ = {isa = PBXFileReference; explicitFileType = wrapper.framework; includeInIndex = 0; path = Pods_ModRankUITests.framework; sourceTree = BUILT_PRODUCTS_DIR; };
		A55B23FDD86C03A3A3272E79 /* Pods-ModRankUITests.debug.xcconfig */ = {isa = PBXFileReference; includeInIndex = 1; lastKnownFileType = text.xcconfig; name = "Pods-ModRankUITests.debug.xcconfig"; path = "Pods/Target Support Files/Pods-ModRankUITests/Pods-ModRankUITests.debug.xcconfig"; sourceTree = "<group>"; };
		B2F8AE5CC318B484E2E304D6 /* Pods-ModRankUITests.release.xcconfig */ = {isa = PBXFileReference; includeInIndex = 1; lastKnownFileType = text.xcconfig; name = "Pods-ModRankUITests.release.xcconfig"; path = "Pods/Target Support Files/Pods-ModRankUITests/Pods-ModRankUITests.release.xcconfig"; sourceTree = "<group>"; };
		CAEA9B3E79C8C30917611A9A /* Pods-ModRankTests.debug.xcconfig */ = {isa = PBXFileReference; includeInIndex = 1; lastKnownFileType = text.xcconfig; name = "Pods-ModRankTests.debug.xcconfig"; path = "Pods/Target Support Files/Pods-ModRankTests/Pods-ModRankTests.debug.xcconfig"; sourceTree = "<group>"; };
		DB10CECD1D42B0EB002C9663 /* ModRank.app */ = {isa = PBXFileReference; explicitFileType = wrapper.application; includeInIndex = 0; path = ModRank.app; sourceTree = BUILT_PRODUCTS_DIR; };
		DB10CED01D42B0EB002C9663 /* AppDelegate.swift */ = {isa = PBXFileReference; lastKnownFileType = sourcecode.swift; path = AppDelegate.swift; sourceTree = "<group>"; };
		DB10CED21D42B0EB002C9663 /* ViewController.swift */ = {isa = PBXFileReference; lastKnownFileType = sourcecode.swift; path = ViewController.swift; sourceTree = "<group>"; };
		DB10CED71D42B0EB002C9663 /* Assets.xcassets */ = {isa = PBXFileReference; lastKnownFileType = folder.assetcatalog; path = Assets.xcassets; sourceTree = "<group>"; };
		DB10CEDA1D42B0EB002C9663 /* Base */ = {isa = PBXFileReference; lastKnownFileType = file.storyboard; name = Base; path = Base.lproj/LaunchScreen.storyboard; sourceTree = "<group>"; };
		DB10CEDC1D42B0EB002C9663 /* Info.plist */ = {isa = PBXFileReference; lastKnownFileType = text.plist.xml; path = Info.plist; sourceTree = "<group>"; };
		DB10CEE11D42B0EB002C9663 /* ModRankTests.xctest */ = {isa = PBXFileReference; explicitFileType = wrapper.cfbundle; includeInIndex = 0; path = ModRankTests.xctest; sourceTree = BUILT_PRODUCTS_DIR; };
		DB10CEE51D42B0EB002C9663 /* ModRankTests.swift */ = {isa = PBXFileReference; lastKnownFileType = sourcecode.swift; path = ModRankTests.swift; sourceTree = "<group>"; };
		DB10CEE71D42B0EB002C9663 /* Info.plist */ = {isa = PBXFileReference; lastKnownFileType = text.plist.xml; path = Info.plist; sourceTree = "<group>"; };
		DB10CEEC1D42B0EB002C9663 /* ModRankUITests.xctest */ = {isa = PBXFileReference; explicitFileType = wrapper.cfbundle; includeInIndex = 0; path = ModRankUITests.xctest; sourceTree = BUILT_PRODUCTS_DIR; };
		DB10CEF01D42B0EB002C9663 /* ModRankUITests.swift */ = {isa = PBXFileReference; lastKnownFileType = sourcecode.swift; path = ModRankUITests.swift; sourceTree = "<group>"; };
		DB10CEF21D42B0EB002C9663 /* Info.plist */ = {isa = PBXFileReference; lastKnownFileType = text.plist.xml; path = Info.plist; sourceTree = "<group>"; };
		DB6A27AF1D42B38D008572EE /* Matchmaker.swift */ = {isa = PBXFileReference; fileEncoding = 4; lastKnownFileType = sourcecode.swift; path = Matchmaker.swift; sourceTree = "<group>"; };
		DB6A27B11D468F19008572EE /* EloRating.swift */ = {isa = PBXFileReference; fileEncoding = 4; lastKnownFileType = sourcecode.swift; path = EloRating.swift; sourceTree = "<group>"; };
		DB6A27B31D468F46008572EE /* Chameleon.framework */ = {isa = PBXFileReference; lastKnownFileType = wrapper.framework; name = Chameleon.framework; path = Carthage/Build/iOS/Chameleon.framework; sourceTree = "<group>"; };
		DB6A27B41D468F46008572EE /* Reachability.framework */ = {isa = PBXFileReference; lastKnownFileType = wrapper.framework; name = Reachability.framework; path = Carthage/Build/iOS/Reachability.framework; sourceTree = "<group>"; };
		DB6A27B51D468F46008572EE /* ReactiveCocoa.framework */ = {isa = PBXFileReference; lastKnownFileType = wrapper.framework; name = ReactiveCocoa.framework; path = Carthage/Build/iOS/ReactiveCocoa.framework; sourceTree = "<group>"; };
		DB6A27B61D468F46008572EE /* Result.framework */ = {isa = PBXFileReference; lastKnownFileType = wrapper.framework; name = Result.framework; path = Carthage/Build/iOS/Result.framework; sourceTree = "<group>"; };
		DB6A27B71D468F46008572EE /* XCGLogger.framework */ = {isa = PBXFileReference; lastKnownFileType = wrapper.framework; name = XCGLogger.framework; path = Carthage/Build/iOS/XCGLogger.framework; sourceTree = "<group>"; };
		DB6A27BF1D475309008572EE /* Round.swift */ = {isa = PBXFileReference; fileEncoding = 4; lastKnownFileType = sourcecode.swift; path = Round.swift; sourceTree = "<group>"; };
		DB6A27C11D475656008572EE /* Module.swift */ = {isa = PBXFileReference; fileEncoding = 4; lastKnownFileType = sourcecode.swift; path = Module.swift; sourceTree = "<group>"; };
		DB6A27C31D47B81D008572EE /* RoundViewController.swift */ = {isa = PBXFileReference; fileEncoding = 4; lastKnownFileType = sourcecode.swift; path = RoundViewController.swift; sourceTree = "<group>"; };
		DB6A27C51D47C2BF008572EE /* Signal+Extensions.swift */ = {isa = PBXFileReference; fileEncoding = 4; lastKnownFileType = sourcecode.swift; path = "Signal+Extensions.swift"; sourceTree = "<group>"; };
		DBA9D3A71D52531D00008CC8 /* GoogleService-Info.plist */ = {isa = PBXFileReference; fileEncoding = 4; lastKnownFileType = text.plist.xml; name = "GoogleService-Info.plist"; path = "ModRank/GoogleService-Info.plist"; sourceTree = "<group>"; };
		DBC9391C1D5B965B005BB691 /* Settings.swift */ = {isa = PBXFileReference; fileEncoding = 4; lastKnownFileType = sourcecode.swift; name = Settings.swift; path = ../Settings.swift; sourceTree = "<group>"; };
		E9C584BE9202FE8AE2A5D6D9 /* Pods_ModRank.framework */ = {isa = PBXFileReference; explicitFileType = wrapper.framework; includeInIndex = 0; path = Pods_ModRank.framework; sourceTree = BUILT_PRODUCTS_DIR; };
/* End PBXFileReference section */

/* Begin PBXFrameworksBuildPhase section */
		DB10CECA1D42B0EB002C9663 /* Frameworks */ = {
			isa = PBXFrameworksBuildPhase;
			buildActionMask = 2147483647;
			files = (
				DB6A27B81D468F46008572EE /* Chameleon.framework in Frameworks */,
				DB6A27B91D468F46008572EE /* Reachability.framework in Frameworks */,
				DB6A27BA1D468F46008572EE /* ReactiveCocoa.framework in Frameworks */,
				DB6A27BB1D468F46008572EE /* Result.framework in Frameworks */,
				DB6A27BC1D468F46008572EE /* XCGLogger.framework in Frameworks */,
				7DF50943BBED58AB4AA8ADE0 /* Pods_ModRank.framework in Frameworks */,
			);
			runOnlyForDeploymentPostprocessing = 0;
		};
		DB10CEDE1D42B0EB002C9663 /* Frameworks */ = {
			isa = PBXFrameworksBuildPhase;
			buildActionMask = 2147483647;
			files = (
				8CBFFDBEC7F9AED787C8AD5B /* Pods_ModRankTests.framework in Frameworks */,
			);
			runOnlyForDeploymentPostprocessing = 0;
		};
		DB10CEE91D42B0EB002C9663 /* Frameworks */ = {
			isa = PBXFrameworksBuildPhase;
			buildActionMask = 2147483647;
			files = (
				980F152B6B0314753F717310 /* Pods_ModRankUITests.framework in Frameworks */,
			);
			runOnlyForDeploymentPostprocessing = 0;
		};
/* End PBXFrameworksBuildPhase section */

/* Begin PBXGroup section */
		16AF12A5D85C4021F89D3D20 /* Pods */ = {
			isa = PBXGroup;
			children = (
				440F315FF6B4B566715302C1 /* Pods-ModRank.debug.xcconfig */,
				38AFA0BA979C87F3B1C1A815 /* Pods-ModRank.release.xcconfig */,
				CAEA9B3E79C8C30917611A9A /* Pods-ModRankTests.debug.xcconfig */,
				49830A34C9A87D24A574710E /* Pods-ModRankTests.release.xcconfig */,
				A55B23FDD86C03A3A3272E79 /* Pods-ModRankUITests.debug.xcconfig */,
				B2F8AE5CC318B484E2E304D6 /* Pods-ModRankUITests.release.xcconfig */,
			);
			name = Pods;
			sourceTree = "<group>";
		};
		DB10CEC41D42B0EB002C9663 = {
			isa = PBXGroup;
			children = (
				DBA9D3A71D52531D00008CC8 /* GoogleService-Info.plist */,
				DB6A27BD1D468F53008572EE /* Frameworks */,
				DB10CECF1D42B0EB002C9663 /* ModRank */,
				DB10CEE41D42B0EB002C9663 /* ModRankTests */,
				DB10CEEF1D42B0EB002C9663 /* ModRankUITests */,
				DB10CECE1D42B0EB002C9663 /* Products */,
				16AF12A5D85C4021F89D3D20 /* Pods */,
			);
			sourceTree = "<group>";
		};
		DB10CECE1D42B0EB002C9663 /* Products */ = {
			isa = PBXGroup;
			children = (
				DB10CECD1D42B0EB002C9663 /* ModRank.app */,
				DB10CEE11D42B0EB002C9663 /* ModRankTests.xctest */,
				DB10CEEC1D42B0EB002C9663 /* ModRankUITests.xctest */,
			);
			name = Products;
			sourceTree = "<group>";
		};
		DB10CECF1D42B0EB002C9663 /* ModRank */ = {
			isa = PBXGroup;
			children = (
				DBC9391C1D5B965B005BB691 /* Settings.swift */,
				DB10CED01D42B0EB002C9663 /* AppDelegate.swift */,
				DB6A27B11D468F19008572EE /* EloRating.swift */,
				DB6A27C11D475656008572EE /* Module.swift */,
				DB10CED21D42B0EB002C9663 /* ViewController.swift */,
				DB10CED71D42B0EB002C9663 /* Assets.xcassets */,
				DB10CED91D42B0EB002C9663 /* LaunchScreen.storyboard */,
				DB10CEDC1D42B0EB002C9663 /* Info.plist */,
				DB6A27AF1D42B38D008572EE /* Matchmaker.swift */,
				DB6A27C31D47B81D008572EE /* RoundViewController.swift */,
				DB6A27BF1D475309008572EE /* Round.swift */,
				DB6A27C51D47C2BF008572EE /* Signal+Extensions.swift */,
			);
			path = ModRank;
			sourceTree = "<group>";
		};
		DB10CEE41D42B0EB002C9663 /* ModRankTests */ = {
			isa = PBXGroup;
			children = (
				DB10CEE51D42B0EB002C9663 /* ModRankTests.swift */,
				DB10CEE71D42B0EB002C9663 /* Info.plist */,
			);
			path = ModRankTests;
			sourceTree = "<group>";
		};
		DB10CEEF1D42B0EB002C9663 /* ModRankUITests */ = {
			isa = PBXGroup;
			children = (
				DB10CEF01D42B0EB002C9663 /* ModRankUITests.swift */,
				DB10CEF21D42B0EB002C9663 /* Info.plist */,
			);
			path = ModRankUITests;
			sourceTree = "<group>";
		};
		DB6A27BD1D468F53008572EE /* Frameworks */ = {
			isa = PBXGroup;
			children = (
				DB6A27B31D468F46008572EE /* Chameleon.framework */,
				DB6A27B41D468F46008572EE /* Reachability.framework */,
				DB6A27B51D468F46008572EE /* ReactiveCocoa.framework */,
				DB6A27B61D468F46008572EE /* Result.framework */,
				DB6A27B71D468F46008572EE /* XCGLogger.framework */,
				E9C584BE9202FE8AE2A5D6D9 /* Pods_ModRank.framework */,
				4C057175081978737B9A9345 /* Pods_ModRankTests.framework */,
				640A769AC9B2CA587525A175 /* Pods_ModRankUITests.framework */,
			);
			name = Frameworks;
			sourceTree = "<group>";
		};
/* End PBXGroup section */

/* Begin PBXNativeTarget section */
		DB10CECC1D42B0EB002C9663 /* ModRank */ = {
			isa = PBXNativeTarget;
			buildConfigurationList = DB10CEF51D42B0EB002C9663 /* Build configuration list for PBXNativeTarget "ModRank" */;
			buildPhases = (
				27E0905AD84AFAF45AD671E9 /* [CP] Check Pods Manifest.lock */,
				DB10CEC91D42B0EB002C9663 /* Sources */,
				DB10CECA1D42B0EB002C9663 /* Frameworks */,
				DB10CECB1D42B0EB002C9663 /* Resources */,
				DB6A27BE1D468FB6008572EE /* Run Script - Carthage */,
				EF78D6B8583EE24E426CD009 /* [CP] Embed Pods Frameworks */,
				E13B88BD0A44CD13604D3209 /* [CP] Copy Pods Resources */,
			);
			buildRules = (
			);
			dependencies = (
			);
			name = ModRank;
			productName = ModRank;
			productReference = DB10CECD1D42B0EB002C9663 /* ModRank.app */;
			productType = "com.apple.product-type.application";
		};
		DB10CEE01D42B0EB002C9663 /* ModRankTests */ = {
			isa = PBXNativeTarget;
			buildConfigurationList = DB10CEF81D42B0EB002C9663 /* Build configuration list for PBXNativeTarget "ModRankTests" */;
			buildPhases = (
				8D515D5A21902494E41162D1 /* [CP] Check Pods Manifest.lock */,
				DB10CEDD1D42B0EB002C9663 /* Sources */,
				DB10CEDE1D42B0EB002C9663 /* Frameworks */,
				DB10CEDF1D42B0EB002C9663 /* Resources */,
				2E334DA06D18CF2E7D2AAC63 /* [CP] Embed Pods Frameworks */,
				A28ABD660C08BC545748924C /* [CP] Copy Pods Resources */,
			);
			buildRules = (
			);
			dependencies = (
				DB10CEE31D42B0EB002C9663 /* PBXTargetDependency */,
			);
			name = ModRankTests;
			productName = ModRankTests;
			productReference = DB10CEE11D42B0EB002C9663 /* ModRankTests.xctest */;
			productType = "com.apple.product-type.bundle.unit-test";
		};
		DB10CEEB1D42B0EB002C9663 /* ModRankUITests */ = {
			isa = PBXNativeTarget;
			buildConfigurationList = DB10CEFB1D42B0EB002C9663 /* Build configuration list for PBXNativeTarget "ModRankUITests" */;
			buildPhases = (
				93F6377A85A590303B3151FA /* [CP] Check Pods Manifest.lock */,
				DB10CEE81D42B0EB002C9663 /* Sources */,
				DB10CEE91D42B0EB002C9663 /* Frameworks */,
				DB10CEEA1D42B0EB002C9663 /* Resources */,
				EB44AC16D8C6C9648BAFBAE1 /* [CP] Copy Pods Resources */,
			);
			buildRules = (
			);
			dependencies = (
				DB10CEEE1D42B0EB002C9663 /* PBXTargetDependency */,
			);
			name = ModRankUITests;
			productName = ModRankUITests;
			productReference = DB10CEEC1D42B0EB002C9663 /* ModRankUITests.xctest */;
			productType = "com.apple.product-type.bundle.ui-testing";
		};
/* End PBXNativeTarget section */

/* Begin PBXProject section */
		DB10CEC51D42B0EB002C9663 /* Project object */ = {
			isa = PBXProject;
			attributes = {
				LastSwiftUpdateCheck = 0730;
				LastUpgradeCheck = 0730;
				ORGANIZATIONNAME = "Kam Popat";
				TargetAttributes = {
					DB10CECC1D42B0EB002C9663 = {
						CreatedOnToolsVersion = 7.3.1;
					};
					DB10CEE01D42B0EB002C9663 = {
						CreatedOnToolsVersion = 7.3.1;
						TestTargetID = DB10CECC1D42B0EB002C9663;
					};
					DB10CEEB1D42B0EB002C9663 = {
						CreatedOnToolsVersion = 7.3.1;
						TestTargetID = DB10CECC1D42B0EB002C9663;
					};
				};
			};
			buildConfigurationList = DB10CEC81D42B0EB002C9663 /* Build configuration list for PBXProject "ModRank" */;
			compatibilityVersion = "Xcode 3.2";
			developmentRegion = English;
			hasScannedForEncodings = 0;
			knownRegions = (
				en,
				Base,
			);
			mainGroup = DB10CEC41D42B0EB002C9663;
			productRefGroup = DB10CECE1D42B0EB002C9663 /* Products */;
			projectDirPath = "";
			projectRoot = "";
			targets = (
				DB10CECC1D42B0EB002C9663 /* ModRank */,
				DB10CEE01D42B0EB002C9663 /* ModRankTests */,
				DB10CEEB1D42B0EB002C9663 /* ModRankUITests */,
			);
		};
/* End PBXProject section */

/* Begin PBXResourcesBuildPhase section */
		DB10CECB1D42B0EB002C9663 /* Resources */ = {
			isa = PBXResourcesBuildPhase;
			buildActionMask = 2147483647;
			files = (
				DB10CEDB1D42B0EB002C9663 /* LaunchScreen.storyboard in Resources */,
				DB10CED81D42B0EB002C9663 /* Assets.xcassets in Resources */,
				DBA9D3A81D52531D00008CC8 /* GoogleService-Info.plist in Resources */,
			);
			runOnlyForDeploymentPostprocessing = 0;
		};
		DB10CEDF1D42B0EB002C9663 /* Resources */ = {
			isa = PBXResourcesBuildPhase;
			buildActionMask = 2147483647;
			files = (
				DBA9D3A91D52531D00008CC8 /* GoogleService-Info.plist in Resources */,
			);
			runOnlyForDeploymentPostprocessing = 0;
		};
		DB10CEEA1D42B0EB002C9663 /* Resources */ = {
			isa = PBXResourcesBuildPhase;
			buildActionMask = 2147483647;
			files = (
			);
			runOnlyForDeploymentPostprocessing = 0;
		};
/* End PBXResourcesBuildPhase section */

/* Begin PBXShellScriptBuildPhase section */
		27E0905AD84AFAF45AD671E9 /* [CP] Check Pods Manifest.lock */ = {
			isa = PBXShellScriptBuildPhase;
			buildActionMask = 2147483647;
			files = (
			);
			inputPaths = (
			);
			name = "[CP] Check Pods Manifest.lock";
			outputPaths = (
			);
			runOnlyForDeploymentPostprocessing = 0;
			shellPath = /bin/sh;
			shellScript = "diff \"${PODS_ROOT}/../Podfile.lock\" \"${PODS_ROOT}/Manifest.lock\" > /dev/null\nif [[ $? != 0 ]] ; then\n    cat << EOM\nerror: The sandbox is not in sync with the Podfile.lock. Run 'pod install' or update your CocoaPods installation.\nEOM\n    exit 1\nfi\n";
			showEnvVarsInLog = 0;
		};
		2E334DA06D18CF2E7D2AAC63 /* [CP] Embed Pods Frameworks */ = {
			isa = PBXShellScriptBuildPhase;
			buildActionMask = 2147483647;
			files = (
			);
			inputPaths = (
			);
			name = "[CP] Embed Pods Frameworks";
			outputPaths = (
			);
			runOnlyForDeploymentPostprocessing = 0;
			shellPath = /bin/sh;
			shellScript = "\"${SRCROOT}/Pods/Target Support Files/Pods-ModRankTests/Pods-ModRankTests-frameworks.sh\"\n";
			showEnvVarsInLog = 0;
		};
		8D515D5A21902494E41162D1 /* [CP] Check Pods Manifest.lock */ = {
			isa = PBXShellScriptBuildPhase;
			buildActionMask = 2147483647;
			files = (
			);
			inputPaths = (
			);
			name = "[CP] Check Pods Manifest.lock";
			outputPaths = (
			);
			runOnlyForDeploymentPostprocessing = 0;
			shellPath = /bin/sh;
			shellScript = "diff \"${PODS_ROOT}/../Podfile.lock\" \"${PODS_ROOT}/Manifest.lock\" > /dev/null\nif [[ $? != 0 ]] ; then\n    cat << EOM\nerror: The sandbox is not in sync with the Podfile.lock. Run 'pod install' or update your CocoaPods installation.\nEOM\n    exit 1\nfi\n";
			showEnvVarsInLog = 0;
		};
		93F6377A85A590303B3151FA /* [CP] Check Pods Manifest.lock */ = {
			isa = PBXShellScriptBuildPhase;
			buildActionMask = 2147483647;
			files = (
			);
			inputPaths = (
			);
			name = "[CP] Check Pods Manifest.lock";
			outputPaths = (
			);
			runOnlyForDeploymentPostprocessing = 0;
			shellPath = /bin/sh;
			shellScript = "diff \"${PODS_ROOT}/../Podfile.lock\" \"${PODS_ROOT}/Manifest.lock\" > /dev/null\nif [[ $? != 0 ]] ; then\n    cat << EOM\nerror: The sandbox is not in sync with the Podfile.lock. Run 'pod install' or update your CocoaPods installation.\nEOM\n    exit 1\nfi\n";
			showEnvVarsInLog = 0;
		};
		A28ABD660C08BC545748924C /* [CP] Copy Pods Resources */ = {
			isa = PBXShellScriptBuildPhase;
			buildActionMask = 2147483647;
			files = (
			);
			inputPaths = (
			);
			name = "[CP] Copy Pods Resources";
			outputPaths = (
			);
			runOnlyForDeploymentPostprocessing = 0;
			shellPath = /bin/sh;
			shellScript = "\"${SRCROOT}/Pods/Target Support Files/Pods-ModRankTests/Pods-ModRankTests-resources.sh\"\n";
			showEnvVarsInLog = 0;
		};
		DB6A27BE1D468FB6008572EE /* Run Script - Carthage */ = {
			isa = PBXShellScriptBuildPhase;
			buildActionMask = 2147483647;
			files = (
			);
			inputPaths = (
				"$(SRCROOT)/Carthage/Build/iOS/Chameleon.framework",
				"$(SRCROOT)/Carthage/Build/iOS/Reachability.framework",
				"$(SRCROOT)/Carthage/Build/iOS/ReactiveCocoa.framework",
				"$(SRCROOT)/Carthage/Build/iOS/Result.framework",
				"$(SRCROOT)/Carthage/Build/iOS/XCGLogger.framework",
			);
			name = "Run Script - Carthage";
			outputPaths = (
			);
			runOnlyForDeploymentPostprocessing = 0;
			shellPath = /bin/sh;
			shellScript = "/usr/local/bin/carthage copy-frameworks";
		};
		E13B88BD0A44CD13604D3209 /* [CP] Copy Pods Resources */ = {
			isa = PBXShellScriptBuildPhase;
			buildActionMask = 2147483647;
			files = (
			);
			inputPaths = (
			);
			name = "[CP] Copy Pods Resources";
			outputPaths = (
			);
			runOnlyForDeploymentPostprocessing = 0;
			shellPath = /bin/sh;
			shellScript = "\"${SRCROOT}/Pods/Target Support Files/Pods-ModRank/Pods-ModRank-resources.sh\"\n";
			showEnvVarsInLog = 0;
		};
		EB44AC16D8C6C9648BAFBAE1 /* [CP] Copy Pods Resources */ = {
			isa = PBXShellScriptBuildPhase;
			buildActionMask = 2147483647;
			files = (
			);
			inputPaths = (
			);
			name = "[CP] Copy Pods Resources";
			outputPaths = (
			);
			runOnlyForDeploymentPostprocessing = 0;
			shellPath = /bin/sh;
			shellScript = "\"${SRCROOT}/Pods/Target Support Files/Pods-ModRankUITests/Pods-ModRankUITests-resources.sh\"\n";
			showEnvVarsInLog = 0;
		};
		EF78D6B8583EE24E426CD009 /* [CP] Embed Pods Frameworks */ = {
			isa = PBXShellScriptBuildPhase;
			buildActionMask = 2147483647;
			files = (
			);
			inputPaths = (
			);
			name = "[CP] Embed Pods Frameworks";
			outputPaths = (
			);
			runOnlyForDeploymentPostprocessing = 0;
			shellPath = /bin/sh;
			shellScript = "\"${SRCROOT}/Pods/Target Support Files/Pods-ModRank/Pods-ModRank-frameworks.sh\"\n";
			showEnvVarsInLog = 0;
		};
/* End PBXShellScriptBuildPhase section */

/* Begin PBXSourcesBuildPhase section */
		DB10CEC91D42B0EB002C9663 /* Sources */ = {
			isa = PBXSourcesBuildPhase;
			buildActionMask = 2147483647;
			files = (
				DB10CED31D42B0EB002C9663 /* ViewController.swift in Sources */,
				DB6A27B01D42B38D008572EE /* Matchmaker.swift in Sources */,
				DB10CED11D42B0EB002C9663 /* AppDelegate.swift in Sources */,
				DB6A27C61D47C2BF008572EE /* Signal+Extensions.swift in Sources */,
				DB6A27C01D475309008572EE /* Round.swift in Sources */,
				DB6A27C41D47B81D008572EE /* RoundViewController.swift in Sources */,
				DBC9391D1D5B965B005BB691 /* Settings.swift in Sources */,
				DB6A27B21D468F19008572EE /* EloRating.swift in Sources */,
				DB6A27C21D475656008572EE /* Module.swift in Sources */,
			);
			runOnlyForDeploymentPostprocessing = 0;
		};
		DB10CEDD1D42B0EB002C9663 /* Sources */ = {
			isa = PBXSourcesBuildPhase;
			buildActionMask = 2147483647;
			files = (
				DB10CEE61D42B0EB002C9663 /* ModRankTests.swift in Sources */,
			);
			runOnlyForDeploymentPostprocessing = 0;
		};
		DB10CEE81D42B0EB002C9663 /* Sources */ = {
			isa = PBXSourcesBuildPhase;
			buildActionMask = 2147483647;
			files = (
				DB10CEF11D42B0EB002C9663 /* ModRankUITests.swift in Sources */,
			);
			runOnlyForDeploymentPostprocessing = 0;
		};
/* End PBXSourcesBuildPhase section */

/* Begin PBXTargetDependency section */
		DB10CEE31D42B0EB002C9663 /* PBXTargetDependency */ = {
			isa = PBXTargetDependency;
			target = DB10CECC1D42B0EB002C9663 /* ModRank */;
			targetProxy = DB10CEE21D42B0EB002C9663 /* PBXContainerItemProxy */;
		};
		DB10CEEE1D42B0EB002C9663 /* PBXTargetDependency */ = {
			isa = PBXTargetDependency;
			target = DB10CECC1D42B0EB002C9663 /* ModRank */;
			targetProxy = DB10CEED1D42B0EB002C9663 /* PBXContainerItemProxy */;
		};
/* End PBXTargetDependency section */

/* Begin PBXVariantGroup section */
		DB10CED91D42B0EB002C9663 /* LaunchScreen.storyboard */ = {
			isa = PBXVariantGroup;
			children = (
				DB10CEDA1D42B0EB002C9663 /* Base */,
			);
			name = LaunchScreen.storyboard;
			sourceTree = "<group>";
		};
/* End PBXVariantGroup section */

/* Begin XCBuildConfiguration section */
		DB10CEF31D42B0EB002C9663 /* Debug */ = {
			isa = XCBuildConfiguration;
			buildSettings = {
				ALWAYS_SEARCH_USER_PATHS = NO;
				CLANG_ANALYZER_NONNULL = YES;
				CLANG_CXX_LANGUAGE_STANDARD = "gnu++0x";
				CLANG_CXX_LIBRARY = "libc++";
				CLANG_ENABLE_MODULES = YES;
				CLANG_ENABLE_OBJC_ARC = YES;
				CLANG_WARN_BOOL_CONVERSION = YES;
				CLANG_WARN_CONSTANT_CONVERSION = YES;
				CLANG_WARN_DIRECT_OBJC_ISA_USAGE = YES_ERROR;
				CLANG_WARN_EMPTY_BODY = YES;
				CLANG_WARN_ENUM_CONVERSION = YES;
				CLANG_WARN_INT_CONVERSION = YES;
				CLANG_WARN_OBJC_ROOT_CLASS = YES_ERROR;
				CLANG_WARN_UNREACHABLE_CODE = YES;
				CLANG_WARN__DUPLICATE_METHOD_MATCH = YES;
				"CODE_SIGN_IDENTITY[sdk=iphoneos*]" = "iPhone Developer";
				COPY_PHASE_STRIP = NO;
				DEBUG_INFORMATION_FORMAT = dwarf;
				ENABLE_STRICT_OBJC_MSGSEND = YES;
				ENABLE_TESTABILITY = YES;
				GCC_C_LANGUAGE_STANDARD = gnu99;
				GCC_DYNAMIC_NO_PIC = NO;
				GCC_NO_COMMON_BLOCKS = YES;
				GCC_OPTIMIZATION_LEVEL = 0;
				GCC_PREPROCESSOR_DEFINITIONS = (
					"DEBUG=1",
					"$(inherited)",
				);
				GCC_WARN_64_TO_32_BIT_CONVERSION = YES;
				GCC_WARN_ABOUT_RETURN_TYPE = YES_ERROR;
				GCC_WARN_UNDECLARED_SELECTOR = YES;
				GCC_WARN_UNINITIALIZED_AUTOS = YES_AGGRESSIVE;
				GCC_WARN_UNUSED_FUNCTION = YES;
				GCC_WARN_UNUSED_VARIABLE = YES;
				IPHONEOS_DEPLOYMENT_TARGET = 9.3;
				MTL_ENABLE_DEBUG_INFO = YES;
				ONLY_ACTIVE_ARCH = YES;
				SDKROOT = iphoneos;
				SWIFT_OPTIMIZATION_LEVEL = "-Onone";
			};
			name = Debug;
		};
		DB10CEF41D42B0EB002C9663 /* Release */ = {
			isa = XCBuildConfiguration;
			buildSettings = {
				ALWAYS_SEARCH_USER_PATHS = NO;
				CLANG_ANALYZER_NONNULL = YES;
				CLANG_CXX_LANGUAGE_STANDARD = "gnu++0x";
				CLANG_CXX_LIBRARY = "libc++";
				CLANG_ENABLE_MODULES = YES;
				CLANG_ENABLE_OBJC_ARC = YES;
				CLANG_WARN_BOOL_CONVERSION = YES;
				CLANG_WARN_CONSTANT_CONVERSION = YES;
				CLANG_WARN_DIRECT_OBJC_ISA_USAGE = YES_ERROR;
				CLANG_WARN_EMPTY_BODY = YES;
				CLANG_WARN_ENUM_CONVERSION = YES;
				CLANG_WARN_INT_CONVERSION = YES;
				CLANG_WARN_OBJC_ROOT_CLASS = YES_ERROR;
				CLANG_WARN_UNREACHABLE_CODE = YES;
				CLANG_WARN__DUPLICATE_METHOD_MATCH = YES;
				"CODE_SIGN_IDENTITY[sdk=iphoneos*]" = "iPhone Developer";
				COPY_PHASE_STRIP = NO;
				DEBUG_INFORMATION_FORMAT = "dwarf-with-dsym";
				ENABLE_NS_ASSERTIONS = NO;
				ENABLE_STRICT_OBJC_MSGSEND = YES;
				GCC_C_LANGUAGE_STANDARD = gnu99;
				GCC_NO_COMMON_BLOCKS = YES;
				GCC_WARN_64_TO_32_BIT_CONVERSION = YES;
				GCC_WARN_ABOUT_RETURN_TYPE = YES_ERROR;
				GCC_WARN_UNDECLARED_SELECTOR = YES;
				GCC_WARN_UNINITIALIZED_AUTOS = YES_AGGRESSIVE;
				GCC_WARN_UNUSED_FUNCTION = YES;
				GCC_WARN_UNUSED_VARIABLE = YES;
				IPHONEOS_DEPLOYMENT_TARGET = 9.3;
				MTL_ENABLE_DEBUG_INFO = NO;
				SDKROOT = iphoneos;
				VALIDATE_PRODUCT = YES;
			};
			name = Release;
		};
		DB10CEF61D42B0EB002C9663 /* Debug */ = {
			isa = XCBuildConfiguration;
			baseConfigurationReference = 440F315FF6B4B566715302C1 /* Pods-ModRank.debug.xcconfig */;
			buildSettings = {
				ASSETCATALOG_COMPILER_APPICON_NAME = AppIcon;
				FRAMEWORK_SEARCH_PATHS = (
					"$(inherited)",
					"$(PROJECT_DIR)/Carthage/Build/iOS",
				);
				INFOPLIST_FILE = ModRank/Info.plist;
				LD_RUNPATH_SEARCH_PATHS = "$(inherited) @executable_path/Frameworks";
				PRODUCT_BUNDLE_IDENTIFIER = com.kampopat.ModRank;
				PRODUCT_NAME = "$(TARGET_NAME)";
				TARGETED_DEVICE_FAMILY = "1,2";
			};
			name = Debug;
		};
		DB10CEF71D42B0EB002C9663 /* Release */ = {
			isa = XCBuildConfiguration;
			baseConfigurationReference = 38AFA0BA979C87F3B1C1A815 /* Pods-ModRank.release.xcconfig */;
			buildSettings = {
				ASSETCATALOG_COMPILER_APPICON_NAME = AppIcon;
				FRAMEWORK_SEARCH_PATHS = (
					"$(inherited)",
					"$(PROJECT_DIR)/Carthage/Build/iOS",
				);
				INFOPLIST_FILE = ModRank/Info.plist;
				LD_RUNPATH_SEARCH_PATHS = "$(inherited) @executable_path/Frameworks";
				PRODUCT_BUNDLE_IDENTIFIER = com.kampopat.ModRank;
				PRODUCT_NAME = "$(TARGET_NAME)";
				TARGETED_DEVICE_FAMILY = "1,2";
			};
			name = Release;
		};
		DB10CEF91D42B0EB002C9663 /* Debug */ = {
			isa = XCBuildConfiguration;
			baseConfigurationReference = CAEA9B3E79C8C30917611A9A /* Pods-ModRankTests.debug.xcconfig */;
			buildSettings = {
				BUNDLE_LOADER = "$(TEST_HOST)";
				INFOPLIST_FILE = ModRankTests/Info.plist;
				LD_RUNPATH_SEARCH_PATHS = "$(inherited) @executable_path/Frameworks @loader_path/Frameworks";
				PRODUCT_BUNDLE_IDENTIFIER = com.kampopat.ModRankTests;
				PRODUCT_NAME = "$(TARGET_NAME)";
				TEST_HOST = "$(BUILT_PRODUCTS_DIR)/ModRank.app/ModRank";
			};
			name = Debug;
		};
		DB10CEFA1D42B0EB002C9663 /* Release */ = {
			isa = XCBuildConfiguration;
			baseConfigurationReference = 49830A34C9A87D24A574710E /* Pods-ModRankTests.release.xcconfig */;
			buildSettings = {
				BUNDLE_LOADER = "$(TEST_HOST)";
				INFOPLIST_FILE = ModRankTests/Info.plist;
				LD_RUNPATH_SEARCH_PATHS = "$(inherited) @executable_path/Frameworks @loader_path/Frameworks";
				PRODUCT_BUNDLE_IDENTIFIER = com.kampopat.ModRankTests;
				PRODUCT_NAME = "$(TARGET_NAME)";
				TEST_HOST = "$(BUILT_PRODUCTS_DIR)/ModRank.app/ModRank";
			};
			name = Release;
		};
		DB10CEFC1D42B0EB002C9663 /* Debug */ = {
			isa = XCBuildConfiguration;
			baseConfigurationReference = A55B23FDD86C03A3A3272E79 /* Pods-ModRankUITests.debug.xcconfig */;
			buildSettings = {
				INFOPLIST_FILE = ModRankUITests/Info.plist;
				LD_RUNPATH_SEARCH_PATHS = "$(inherited) @executable_path/Frameworks @loader_path/Frameworks";
				PRODUCT_BUNDLE_IDENTIFIER = com.kampopat.ModRankUITests;
				PRODUCT_NAME = "$(TARGET_NAME)";
				TEST_TARGET_NAME = ModRank;
			};
			name = Debug;
		};
		DB10CEFD1D42B0EB002C9663 /* Release */ = {
			isa = XCBuildConfiguration;
			baseConfigurationReference = B2F8AE5CC318B484E2E304D6 /* Pods-ModRankUITests.release.xcconfig */;
			buildSettings = {
				INFOPLIST_FILE = ModRankUITests/Info.plist;
				LD_RUNPATH_SEARCH_PATHS = "$(inherited) @executable_path/Frameworks @loader_path/Frameworks";
				PRODUCT_BUNDLE_IDENTIFIER = com.kampopat.ModRankUITests;
				PRODUCT_NAME = "$(TARGET_NAME)";
				TEST_TARGET_NAME = ModRank;
			};
			name = Release;
		};
/* End XCBuildConfiguration section */

/* Begin XCConfigurationList section */
		DB10CEC81D42B0EB002C9663 /* Build configuration list for PBXProject "ModRank" */ = {
			isa = XCConfigurationList;
			buildConfigurations = (
				DB10CEF31D42B0EB002C9663 /* Debug */,
				DB10CEF41D42B0EB002C9663 /* Release */,
			);
			defaultConfigurationIsVisible = 0;
			defaultConfigurationName = Release;
		};
		DB10CEF51D42B0EB002C9663 /* Build configuration list for PBXNativeTarget "ModRank" */ = {
			isa = XCConfigurationList;
			buildConfigurations = (
				DB10CEF61D42B0EB002C9663 /* Debug */,
				DB10CEF71D42B0EB002C9663 /* Release */,
			);
			defaultConfigurationIsVisible = 0;
			defaultConfigurationName = Release;
		};
		DB10CEF81D42B0EB002C9663 /* Build configuration list for PBXNativeTarget "ModRankTests" */ = {
			isa = XCConfigurationList;
			buildConfigurations = (
				DB10CEF91D42B0EB002C9663 /* Debug */,
				DB10CEFA1D42B0EB002C9663 /* Release */,
			);
			defaultConfigurationIsVisible = 0;
			defaultConfigurationName = Release;
		};
		DB10CEFB1D42B0EB002C9663 /* Build configuration list for PBXNativeTarget "ModRankUITests" */ = {
			isa = XCConfigurationList;
			buildConfigurations = (
				DB10CEFC1D42B0EB002C9663 /* Debug */,
				DB10CEFD1D42B0EB002C9663 /* Release */,
			);
			defaultConfigurationIsVisible = 0;
			defaultConfigurationName = Release;
		};
/* End XCConfigurationList section */
	};
	rootObject = DB10CEC51D42B0EB002C9663 /* Project object */;
}
